// !$*UTF8*$!
{
	archiveVersion = 1;
	classes = {
	};
	objectVersion = 56;
	objects = {

/* Begin PBXBuildFile section */
		DF27CD5C2BA493A3009196C4 /* HabitTrackingApp.swift in Sources */ = {isa = PBXBuildFile; fileRef = DF27CD5B2BA493A3009196C4 /* HabitTrackingApp.swift */; };
		DF27CD5E2BA493A3009196C4 /* ContentView.swift in Sources */ = {isa = PBXBuildFile; fileRef = DF27CD5D2BA493A3009196C4 /* ContentView.swift */; };
		DF27CD602BA493A4009196C4 /* Assets.xcassets in Resources */ = {isa = PBXBuildFile; fileRef = DF27CD5F2BA493A4009196C4 /* Assets.xcassets */; };
		DF27CD632BA493A4009196C4 /* Preview Assets.xcassets in Resources */ = {isa = PBXBuildFile; fileRef = DF27CD622BA493A4009196C4 /* Preview Assets.xcassets */; };
		DF27CD6B2BA4942B009196C4 /* Habit.swift in Sources */ = {isa = PBXBuildFile; fileRef = DF27CD6A2BA4942B009196C4 /* Habit.swift */; };
		DF27CD6D2BA49559009196C4 /* HabitCategory.swift in Sources */ = {isa = PBXBuildFile; fileRef = DF27CD6C2BA49559009196C4 /* HabitCategory.swift */; };
		DFD5D62E2BA4B886003F96FE /* IExternalRepresentation.swift in Sources */ = {isa = PBXBuildFile; fileRef = DFD5D62D2BA4B886003F96FE /* IExternalRepresentation.swift */; };
		DFD5D6302BA4B914003F96FE /* ExternalRepresentation.swift in Sources */ = {isa = PBXBuildFile; fileRef = DFD5D62F2BA4B914003F96FE /* ExternalRepresentation.swift */; };
		DFD5D6322BA4B99A003F96FE /* ExternalRepresentationHandler.swift in Sources */ = {isa = PBXBuildFile; fileRef = DFD5D6312BA4B99A003F96FE /* ExternalRepresentationHandler.swift */; };
		DFD5D6352BA4BF54003F96FE /* ContentViewModel.swift in Sources */ = {isa = PBXBuildFile; fileRef = DFD5D6342BA4BF54003F96FE /* ContentViewModel.swift */; };
		DFD5D6382BA4C3BE003F96FE /* AddHabitView.swift in Sources */ = {isa = PBXBuildFile; fileRef = DFD5D6372BA4C3BE003F96FE /* AddHabitView.swift */; };
		DFD5D63A2BA4C3D4003F96FE /* AddHabitViewModel.swift in Sources */ = {isa = PBXBuildFile; fileRef = DFD5D6392BA4C3D4003F96FE /* AddHabitViewModel.swift */; };
		DFD5D63D2BA4C752003F96FE /* HomeListCell.swift in Sources */ = {isa = PBXBuildFile; fileRef = DFD5D63C2BA4C752003F96FE /* HomeListCell.swift */; };
		DFD5D63F2BA4C75F003F96FE /* HomeListCellViewModel.swift in Sources */ = {isa = PBXBuildFile; fileRef = DFD5D63E2BA4C75F003F96FE /* HomeListCellViewModel.swift */; };
/* End PBXBuildFile section */

/* Begin PBXFileReference section */
		DF27CD582BA493A3009196C4 /* HabitTracking.app */ = {isa = PBXFileReference; explicitFileType = wrapper.application; includeInIndex = 0; path = HabitTracking.app; sourceTree = BUILT_PRODUCTS_DIR; };
		DF27CD5B2BA493A3009196C4 /* HabitTrackingApp.swift */ = {isa = PBXFileReference; lastKnownFileType = sourcecode.swift; path = HabitTrackingApp.swift; sourceTree = "<group>"; };
		DF27CD5D2BA493A3009196C4 /* ContentView.swift */ = {isa = PBXFileReference; lastKnownFileType = sourcecode.swift; path = ContentView.swift; sourceTree = "<group>"; };
		DF27CD5F2BA493A4009196C4 /* Assets.xcassets */ = {isa = PBXFileReference; lastKnownFileType = folder.assetcatalog; path = Assets.xcassets; sourceTree = "<group>"; };
		DF27CD622BA493A4009196C4 /* Preview Assets.xcassets */ = {isa = PBXFileReference; lastKnownFileType = folder.assetcatalog; path = "Preview Assets.xcassets"; sourceTree = "<group>"; };
		DF27CD6A2BA4942B009196C4 /* Habit.swift */ = {isa = PBXFileReference; lastKnownFileType = sourcecode.swift; path = Habit.swift; sourceTree = "<group>"; };
		DF27CD6C2BA49559009196C4 /* HabitCategory.swift */ = {isa = PBXFileReference; lastKnownFileType = sourcecode.swift; path = HabitCategory.swift; sourceTree = "<group>"; };
		DFD5D62D2BA4B886003F96FE /* IExternalRepresentation.swift */ = {isa = PBXFileReference; lastKnownFileType = sourcecode.swift; path = IExternalRepresentation.swift; sourceTree = "<group>"; };
		DFD5D62F2BA4B914003F96FE /* ExternalRepresentation.swift */ = {isa = PBXFileReference; lastKnownFileType = sourcecode.swift; path = ExternalRepresentation.swift; sourceTree = "<group>"; };
		DFD5D6312BA4B99A003F96FE /* ExternalRepresentationHandler.swift */ = {isa = PBXFileReference; lastKnownFileType = sourcecode.swift; path = ExternalRepresentationHandler.swift; sourceTree = "<group>"; };
		DFD5D6342BA4BF54003F96FE /* ContentViewModel.swift */ = {isa = PBXFileReference; lastKnownFileType = sourcecode.swift; path = ContentViewModel.swift; sourceTree = "<group>"; };
		DFD5D6372BA4C3BE003F96FE /* AddHabitView.swift */ = {isa = PBXFileReference; lastKnownFileType = sourcecode.swift; path = AddHabitView.swift; sourceTree = "<group>"; };
		DFD5D6392BA4C3D4003F96FE /* AddHabitViewModel.swift */ = {isa = PBXFileReference; lastKnownFileType = sourcecode.swift; path = AddHabitViewModel.swift; sourceTree = "<group>"; };
		DFD5D63C2BA4C752003F96FE /* HomeListCell.swift */ = {isa = PBXFileReference; lastKnownFileType = sourcecode.swift; path = HomeListCell.swift; sourceTree = "<group>"; };
		DFD5D63E2BA4C75F003F96FE /* HomeListCellViewModel.swift */ = {isa = PBXFileReference; lastKnownFileType = sourcecode.swift; path = HomeListCellViewModel.swift; sourceTree = "<group>"; };
/* End PBXFileReference section */

/* Begin PBXFrameworksBuildPhase section */
		DF27CD552BA493A3009196C4 /* Frameworks */ = {
			isa = PBXFrameworksBuildPhase;
			buildActionMask = 2147483647;
			files = (
			);
			runOnlyForDeploymentPostprocessing = 0;
		};
/* End PBXFrameworksBuildPhase section */

/* Begin PBXGroup section */
		DF27CD4F2BA493A3009196C4 = {
			isa = PBXGroup;
			children = (
				DF27CD5A2BA493A3009196C4 /* HabitTracking */,
				DF27CD592BA493A3009196C4 /* Products */,
			);
			sourceTree = "<group>";
		};
		DF27CD592BA493A3009196C4 /* Products */ = {
			isa = PBXGroup;
			children = (
				DF27CD582BA493A3009196C4 /* HabitTracking.app */,
			);
			name = Products;
			sourceTree = "<group>";
		};
		DF27CD5A2BA493A3009196C4 /* HabitTracking */ = {
			isa = PBXGroup;
			children = (
				DFD5D6332BA4BE4F003F96FE /* Views */,
				DFD5D62C2BA4B866003F96FE /* ExternalRepresentation */,
				DF27CD692BA49419009196C4 /* Models */,
				DF27CD5B2BA493A3009196C4 /* HabitTrackingApp.swift */,
				DF27CD5D2BA493A3009196C4 /* ContentView.swift */,
				DFD5D6342BA4BF54003F96FE /* ContentViewModel.swift */,
				DF27CD5F2BA493A4009196C4 /* Assets.xcassets */,
				DF27CD612BA493A4009196C4 /* Preview Content */,
			);
			path = HabitTracking;
			sourceTree = "<group>";
		};
		DF27CD612BA493A4009196C4 /* Preview Content */ = {
			isa = PBXGroup;
			children = (
				DF27CD622BA493A4009196C4 /* Preview Assets.xcassets */,
			);
			path = "Preview Content";
			sourceTree = "<group>";
		};
		DF27CD692BA49419009196C4 /* Models */ = {
			isa = PBXGroup;
			children = (
				DF27CD6A2BA4942B009196C4 /* Habit.swift */,
				DF27CD6C2BA49559009196C4 /* HabitCategory.swift */,
			);
			path = Models;
			sourceTree = "<group>";
		};
		DFD5D62C2BA4B866003F96FE /* ExternalRepresentation */ = {
			isa = PBXGroup;
			children = (
				DFD5D62D2BA4B886003F96FE /* IExternalRepresentation.swift */,
				DFD5D62F2BA4B914003F96FE /* ExternalRepresentation.swift */,
				DFD5D6312BA4B99A003F96FE /* ExternalRepresentationHandler.swift */,
			);
			path = ExternalRepresentation;
			sourceTree = "<group>";
		};
		DFD5D6332BA4BE4F003F96FE /* Views */ = {
			isa = PBXGroup;
			children = (
				DFD5D63B2BA4C71D003F96FE /* HomeListCell */,
				DFD5D6362BA4C3A2003F96FE /* AddItem */,
			);
			path = Views;
			sourceTree = "<group>";
		};
		DFD5D6362BA4C3A2003F96FE /* AddItem */ = {
			isa = PBXGroup;
			children = (
				DFD5D6372BA4C3BE003F96FE /* AddHabitView.swift */,
				DFD5D6392BA4C3D4003F96FE /* AddHabitViewModel.swift */,
			);
			path = AddItem;
			sourceTree = "<group>";
		};
		DFD5D63B2BA4C71D003F96FE /* HomeListCell */ = {
			isa = PBXGroup;
			children = (
				DFD5D63C2BA4C752003F96FE /* HomeListCell.swift */,
				DFD5D63E2BA4C75F003F96FE /* HomeListCellViewModel.swift */,
			);
			path = HomeListCell;
			sourceTree = "<group>";
		};
/* End PBXGroup section */

/* Begin PBXNativeTarget section */
		DF27CD572BA493A3009196C4 /* HabitTracking */ = {
			isa = PBXNativeTarget;
			buildConfigurationList = DF27CD662BA493A4009196C4 /* Build configuration list for PBXNativeTarget "HabitTracking" */;
			buildPhases = (
				DF27CD542BA493A3009196C4 /* Sources */,
				DF27CD552BA493A3009196C4 /* Frameworks */,
				DF27CD562BA493A3009196C4 /* Resources */,
			);
			buildRules = (
			);
			dependencies = (
			);
			name = HabitTracking;
			productName = HabitTracking;
			productReference = DF27CD582BA493A3009196C4 /* HabitTracking.app */;
			productType = "com.apple.product-type.application";
		};
/* End PBXNativeTarget section */

/* Begin PBXProject section */
		DF27CD502BA493A3009196C4 /* Project object */ = {
			isa = PBXProject;
			attributes = {
				BuildIndependentTargetsInParallel = 1;
				LastSwiftUpdateCheck = 1520;
				LastUpgradeCheck = 1520;
				TargetAttributes = {
					DF27CD572BA493A3009196C4 = {
						CreatedOnToolsVersion = 15.2;
					};
				};
			};
			buildConfigurationList = DF27CD532BA493A3009196C4 /* Build configuration list for PBXProject "HabitTracking" */;
			compatibilityVersion = "Xcode 14.0";
			developmentRegion = en;
			hasScannedForEncodings = 0;
			knownRegions = (
				en,
				Base,
			);
			mainGroup = DF27CD4F2BA493A3009196C4;
			productRefGroup = DF27CD592BA493A3009196C4 /* Products */;
			projectDirPath = "";
			projectRoot = "";
			targets = (
				DF27CD572BA493A3009196C4 /* HabitTracking */,
			);
		};
/* End PBXProject section */

/* Begin PBXResourcesBuildPhase section */
		DF27CD562BA493A3009196C4 /* Resources */ = {
			isa = PBXResourcesBuildPhase;
			buildActionMask = 2147483647;
			files = (
				DF27CD632BA493A4009196C4 /* Preview Assets.xcassets in Resources */,
				DF27CD602BA493A4009196C4 /* Assets.xcassets in Resources */,
			);
			runOnlyForDeploymentPostprocessing = 0;
		};
/* End PBXResourcesBuildPhase section */

/* Begin PBXSourcesBuildPhase section */
		DF27CD542BA493A3009196C4 /* Sources */ = {
			isa = PBXSourcesBuildPhase;
			buildActionMask = 2147483647;
			files = (
				DFD5D6352BA4BF54003F96FE /* ContentViewModel.swift in Sources */,
				DF27CD6D2BA49559009196C4 /* HabitCategory.swift in Sources */,
				DFD5D6302BA4B914003F96FE /* ExternalRepresentation.swift in Sources */,
				DFD5D63F2BA4C75F003F96FE /* HomeListCellViewModel.swift in Sources */,
				DF27CD6B2BA4942B009196C4 /* Habit.swift in Sources */,
				DF27CD5E2BA493A3009196C4 /* ContentView.swift in Sources */,
				DFD5D6382BA4C3BE003F96FE /* AddHabitView.swift in Sources */,
				DFD5D62E2BA4B886003F96FE /* IExternalRepresentation.swift in Sources */,
				DFD5D63D2BA4C752003F96FE /* HomeListCell.swift in Sources */,
				DFD5D63A2BA4C3D4003F96FE /* AddHabitViewModel.swift in Sources */,
				DF27CD5C2BA493A3009196C4 /* HabitTrackingApp.swift in Sources */,
				DFD5D6322BA4B99A003F96FE /* ExternalRepresentationHandler.swift in Sources */,
			);
			runOnlyForDeploymentPostprocessing = 0;
		};
/* End PBXSourcesBuildPhase section */

/* Begin XCBuildConfiguration section */
		DF27CD642BA493A4009196C4 /* Debug */ = {
			isa = XCBuildConfiguration;
			buildSettings = {
				ALWAYS_SEARCH_USER_PATHS = NO;
				ASSETCATALOG_COMPILER_GENERATE_SWIFT_ASSET_SYMBOL_EXTENSIONS = YES;
				CLANG_ANALYZER_NONNULL = YES;
				CLANG_ANALYZER_NUMBER_OBJECT_CONVERSION = YES_AGGRESSIVE;
				CLANG_CXX_LANGUAGE_STANDARD = "gnu++20";
				CLANG_ENABLE_MODULES = YES;
				CLANG_ENABLE_OBJC_ARC = YES;
				CLANG_ENABLE_OBJC_WEAK = YES;
				CLANG_WARN_BLOCK_CAPTURE_AUTORELEASING = YES;
				CLANG_WARN_BOOL_CONVERSION = YES;
				CLANG_WARN_COMMA = YES;
				CLANG_WARN_CONSTANT_CONVERSION = YES;
				CLANG_WARN_DEPRECATED_OBJC_IMPLEMENTATIONS = YES;
				CLANG_WARN_DIRECT_OBJC_ISA_USAGE = YES_ERROR;
				CLANG_WARN_DOCUMENTATION_COMMENTS = YES;
				CLANG_WARN_EMPTY_BODY = YES;
				CLANG_WARN_ENUM_CONVERSION = YES;
				CLANG_WARN_INFINITE_RECURSION = YES;
				CLANG_WARN_INT_CONVERSION = YES;
				CLANG_WARN_NON_LITERAL_NULL_CONVERSION = YES;
				CLANG_WARN_OBJC_IMPLICIT_RETAIN_SELF = YES;
				CLANG_WARN_OBJC_LITERAL_CONVERSION = YES;
				CLANG_WARN_OBJC_ROOT_CLASS = YES_ERROR;
				CLANG_WARN_QUOTED_INCLUDE_IN_FRAMEWORK_HEADER = YES;
				CLANG_WARN_RANGE_LOOP_ANALYSIS = YES;
				CLANG_WARN_STRICT_PROTOTYPES = YES;
				CLANG_WARN_SUSPICIOUS_MOVE = YES;
				CLANG_WARN_UNGUARDED_AVAILABILITY = YES_AGGRESSIVE;
				CLANG_WARN_UNREACHABLE_CODE = YES;
				CLANG_WARN__DUPLICATE_METHOD_MATCH = YES;
				COPY_PHASE_STRIP = NO;
				DEBUG_INFORMATION_FORMAT = dwarf;
				ENABLE_STRICT_OBJC_MSGSEND = YES;
				ENABLE_TESTABILITY = YES;
				ENABLE_USER_SCRIPT_SANDBOXING = YES;
				GCC_C_LANGUAGE_STANDARD = gnu17;
				GCC_DYNAMIC_NO_PIC = NO;
				GCC_NO_COMMON_BLOCKS = YES;
				GCC_OPTIMIZATION_LEVEL = 0;
				GCC_PREPROCESSOR_DEFINITIONS = (
					"DEBUG=1",
					"$(inherited)",
				);
				GCC_WARN_64_TO_32_BIT_CONVERSION = YES;
				GCC_WARN_ABOUT_RETURN_TYPE = YES_ERROR;
				GCC_WARN_UNDECLARED_SELECTOR = YES;
				GCC_WARN_UNINITIALIZED_AUTOS = YES_AGGRESSIVE;
				GCC_WARN_UNUSED_FUNCTION = YES;
				GCC_WARN_UNUSED_VARIABLE = YES;
				IPHONEOS_DEPLOYMENT_TARGET = 17.2;
				LOCALIZATION_PREFERS_STRING_CATALOGS = YES;
				MTL_ENABLE_DEBUG_INFO = INCLUDE_SOURCE;
				MTL_FAST_MATH = YES;
				ONLY_ACTIVE_ARCH = YES;
				SDKROOT = iphoneos;
				SWIFT_ACTIVE_COMPILATION_CONDITIONS = "DEBUG $(inherited)";
				SWIFT_OPTIMIZATION_LEVEL = "-Onone";
			};
			name = Debug;
		};
		DF27CD652BA493A4009196C4 /* Release */ = {
			isa = XCBuildConfiguration;
			buildSettings = {
				ALWAYS_SEARCH_USER_PATHS = NO;
				ASSETCATALOG_COMPILER_GENERATE_SWIFT_ASSET_SYMBOL_EXTENSIONS = YES;
				CLANG_ANALYZER_NONNULL = YES;
				CLANG_ANALYZER_NUMBER_OBJECT_CONVERSION = YES_AGGRESSIVE;
				CLANG_CXX_LANGUAGE_STANDARD = "gnu++20";
				CLANG_ENABLE_MODULES = YES;
				CLANG_ENABLE_OBJC_ARC = YES;
				CLANG_ENABLE_OBJC_WEAK = YES;
				CLANG_WARN_BLOCK_CAPTURE_AUTORELEASING = YES;
				CLANG_WARN_BOOL_CONVERSION = YES;
				CLANG_WARN_COMMA = YES;
				CLANG_WARN_CONSTANT_CONVERSION = YES;
				CLANG_WARN_DEPRECATED_OBJC_IMPLEMENTATIONS = YES;
				CLANG_WARN_DIRECT_OBJC_ISA_USAGE = YES_ERROR;
				CLANG_WARN_DOCUMENTATION_COMMENTS = YES;
				CLANG_WARN_EMPTY_BODY = YES;
				CLANG_WARN_ENUM_CONVERSION = YES;
				CLANG_WARN_INFINITE_RECURSION = YES;
				CLANG_WARN_INT_CONVERSION = YES;
				CLANG_WARN_NON_LITERAL_NULL_CONVERSION = YES;
				CLANG_WARN_OBJC_IMPLICIT_RETAIN_SELF = YES;
				CLANG_WARN_OBJC_LITERAL_CONVERSION = YES;
				CLANG_WARN_OBJC_ROOT_CLASS = YES_ERROR;
				CLANG_WARN_QUOTED_INCLUDE_IN_FRAMEWORK_HEADER = YES;
				CLANG_WARN_RANGE_LOOP_ANALYSIS = YES;
				CLANG_WARN_STRICT_PROTOTYPES = YES;
				CLANG_WARN_SUSPICIOUS_MOVE = YES;
				CLANG_WARN_UNGUARDED_AVAILABILITY = YES_AGGRESSIVE;
				CLANG_WARN_UNREACHABLE_CODE = YES;
				CLANG_WARN__DUPLICATE_METHOD_MATCH = YES;
				COPY_PHASE_STRIP = NO;
				DEBUG_INFORMATION_FORMAT = "dwarf-with-dsym";
				ENABLE_NS_ASSERTIONS = NO;
				ENABLE_STRICT_OBJC_MSGSEND = YES;
				ENABLE_USER_SCRIPT_SANDBOXING = YES;
				GCC_C_LANGUAGE_STANDARD = gnu17;
				GCC_NO_COMMON_BLOCKS = YES;
				GCC_WARN_64_TO_32_BIT_CONVERSION = YES;
				GCC_WARN_ABOUT_RETURN_TYPE = YES_ERROR;
				GCC_WARN_UNDECLARED_SELECTOR = YES;
				GCC_WARN_UNINITIALIZED_AUTOS = YES_AGGRESSIVE;
				GCC_WARN_UNUSED_FUNCTION = YES;
				GCC_WARN_UNUSED_VARIABLE = YES;
				IPHONEOS_DEPLOYMENT_TARGET = 17.2;
				LOCALIZATION_PREFERS_STRING_CATALOGS = YES;
				MTL_ENABLE_DEBUG_INFO = NO;
				MTL_FAST_MATH = YES;
				SDKROOT = iphoneos;
				SWIFT_COMPILATION_MODE = wholemodule;
				VALIDATE_PRODUCT = YES;
			};
			name = Release;
		};
		DF27CD672BA493A4009196C4 /* Debug */ = {
			isa = XCBuildConfiguration;
			buildSettings = {
				ASSETCATALOG_COMPILER_APPICON_NAME = AppIcon;
				ASSETCATALOG_COMPILER_GLOBAL_ACCENT_COLOR_NAME = AccentColor;
				CODE_SIGN_STYLE = Automatic;
				CURRENT_PROJECT_VERSION = 1;
				DEVELOPMENT_ASSET_PATHS = "\"HabitTracking/Preview Content\"";
				ENABLE_PREVIEWS = YES;
				GENERATE_INFOPLIST_FILE = YES;
				INFOPLIST_KEY_UIApplicationSceneManifest_Generation = YES;
				INFOPLIST_KEY_UIApplicationSupportsIndirectInputEvents = YES;
				INFOPLIST_KEY_UILaunchScreen_Generation = YES;
				INFOPLIST_KEY_UISupportedInterfaceOrientations_iPad = "UIInterfaceOrientationPortrait UIInterfaceOrientationPortraitUpsideDown UIInterfaceOrientationLandscapeLeft UIInterfaceOrientationLandscapeRight";
				INFOPLIST_KEY_UISupportedInterfaceOrientations_iPhone = "UIInterfaceOrientationPortrait UIInterfaceOrientationLandscapeLeft UIInterfaceOrientationLandscapeRight";
				LD_RUNPATH_SEARCH_PATHS = (
					"$(inherited)",
					"@executable_path/Frameworks",
				);
				MARKETING_VERSION = 1.0;
				PRODUCT_BUNDLE_IDENTIFIER = me.ozmus.enes.HabitTracking;
				PRODUCT_NAME = "$(TARGET_NAME)";
				SWIFT_EMIT_LOC_STRINGS = YES;
				SWIFT_VERSION = 5.0;
				TARGETED_DEVICE_FAMILY = "1,2";
			};
			name = Debug;
		};
		DF27CD682BA493A4009196C4 /* Release */ = {
			isa = XCBuildConfiguration;
			buildSettings = {
				ASSETCATALOG_COMPILER_APPICON_NAME = AppIcon;
				ASSETCATALOG_COMPILER_GLOBAL_ACCENT_COLOR_NAME = AccentColor;
				CODE_SIGN_STYLE = Automatic;
				CURRENT_PROJECT_VERSION = 1;
				DEVELOPMENT_ASSET_PATHS = "\"HabitTracking/Preview Content\"";
				ENABLE_PREVIEWS = YES;
				GENERATE_INFOPLIST_FILE = YES;
				INFOPLIST_KEY_UIApplicationSceneManifest_Generation = YES;
				INFOPLIST_KEY_UIApplicationSupportsIndirectInputEvents = YES;
				INFOPLIST_KEY_UILaunchScreen_Generation = YES;
				INFOPLIST_KEY_UISupportedInterfaceOrientations_iPad = "UIInterfaceOrientationPortrait UIInterfaceOrientationPortraitUpsideDown UIInterfaceOrientationLandscapeLeft UIInterfaceOrientationLandscapeRight";
				INFOPLIST_KEY_UISupportedInterfaceOrientations_iPhone = "UIInterfaceOrientationPortrait UIInterfaceOrientationLandscapeLeft UIInterfaceOrientationLandscapeRight";
				LD_RUNPATH_SEARCH_PATHS = (
					"$(inherited)",
					"@executable_path/Frameworks",
				);
				MARKETING_VERSION = 1.0;
				PRODUCT_BUNDLE_IDENTIFIER = me.ozmus.enes.HabitTracking;
				PRODUCT_NAME = "$(TARGET_NAME)";
				SWIFT_EMIT_LOC_STRINGS = YES;
				SWIFT_VERSION = 5.0;
				TARGETED_DEVICE_FAMILY = "1,2";
			};
			name = Release;
		};
/* End XCBuildConfiguration section */

/* Begin XCConfigurationList section */
		DF27CD532BA493A3009196C4 /* Build configuration list for PBXProject "HabitTracking" */ = {
			isa = XCConfigurationList;
			buildConfigurations = (
				DF27CD642BA493A4009196C4 /* Debug */,
				DF27CD652BA493A4009196C4 /* Release */,
			);
			defaultConfigurationIsVisible = 0;
			defaultConfigurationName = Release;
		};
		DF27CD662BA493A4009196C4 /* Build configuration list for PBXNativeTarget "HabitTracking" */ = {
			isa = XCConfigurationList;
			buildConfigurations = (
				DF27CD672BA493A4009196C4 /* Debug */,
				DF27CD682BA493A4009196C4 /* Release */,
			);
			defaultConfigurationIsVisible = 0;
			defaultConfigurationName = Release;
		};
/* End XCConfigurationList section */
	};
	rootObject = DF27CD502BA493A3009196C4 /* Project object */;
}
